
Microsoft Visual Studio Solution File, Format Version 12.00
# Visual Studio Version 17
VisualStudioVersion = 17.11.35208.52
MinimumVisualStudioVersion = 10.0.40219.1
Project("{FAE04EC0-301F-11D3-BF4B-00C04F79EFBC}") = "TimeOffManager", "ProjectMangement\TimeOffManager.csproj", "{B159DCD7-0E56-469B-B230-976D37C421BC}"
EndProject
Global
	GlobalSection(SolutionConfigurationPlatforms) = preSolution
		Debug|Any CPU = Debug|Any CPU
		Release|Any CPU = Release|Any CPU
	EndGlobalSection
	GlobalSection(ProjectConfigurationPlatforms) = postSolution
		{B159DCD7-0E56-469B-B230-976D37C421BC}.Debug|Any CPU.ActiveCfg = Debug|Any CPU
		{B159DCD7-0E56-469B-B230-976D37C421BC}.Debug|Any CPU.Build.0 = Debug|Any CPU
		{B159DCD7-0E56-469B-B230-976D37C421BC}.Release|Any CPU.ActiveCfg = Release|Any CPU
		{B159DCD7-0E56-469B-B230-976D37C421BC}.Release|Any CPU.Build.0 = Release|Any CPU
	EndGlobalSection
	GlobalSection(SolutionProperties) = preSolution
		HideSolutionNode = FALSE
	EndGlobalSection
	GlobalSection(ExtensibilityGlobals) = postSolution
		SolutionGuid = {7B08E37C-7ED5-4A85-BE23-BC54E6357F3C}
	EndGlobalSection
EndGlobal
